
Microsoft Visual Studio Solution File, Format Version 12.00
# Visual Studio Version 16
VisualStudioVersion = 16.0.29324.140
MinimumVisualStudioVersion = 10.0.40219.1
Project("{FAE04EC0-301F-11D3-BF4B-00C04F79EFBC}") = "УмножениеМатриц", "УмножениеМатриц\УмножениеМатриц.csproj", "{0DCB483D-44D9-4792-837B-B3D7C8D3DEEA}"
EndProject
Global
	GlobalSection(SolutionConfigurationPlatforms) = preSolution
		Debug|Any CPU = Debug|Any CPU
		Release|Any CPU = Release|Any CPU
	EndGlobalSection
	GlobalSection(ProjectConfigurationPlatforms) = postSolution
		{0DCB483D-44D9-4792-837B-B3D7C8D3DEEA}.Debug|Any CPU.ActiveCfg = Debug|Any CPU
		{0DCB483D-44D9-4792-837B-B3D7C8D3DEEA}.Debug|Any CPU.Build.0 = Debug|Any CPU
		{0DCB483D-44D9-4792-837B-B3D7C8D3DEEA}.Release|Any CPU.ActiveCfg = Release|Any CPU
		{0DCB483D-44D9-4792-837B-B3D7C8D3DEEA}.Release|Any CPU.Build.0 = Release|Any CPU
	EndGlobalSection
	GlobalSection(SolutionProperties) = preSolution
		HideSolutionNode = FALSE
	EndGlobalSection
	GlobalSection(ExtensibilityGlobals) = postSolution
		SolutionGuid = {65445560-6BCE-4097-AB29-7B2494C74623}
	EndGlobalSection
EndGlobal
